
Microsoft Visual Studio Solution File, Format Version 12.00
# Visual Studio Version 16
VisualStudioVersion = 16.0.34114.132
MinimumVisualStudioVersion = 10.0.40219.1
Project("{FAE04EC0-301F-11D3-BF4B-00C04F79EFBC}") = "Exercice 1", "Exercice 1\Exercice 1.csproj", "{D732596B-A952-4916-BB90-9129C3B94E83}"
EndProject
Global
	GlobalSection(SolutionConfigurationPlatforms) = preSolution
		Debug|Any CPU = Debug|Any CPU
		Release|Any CPU = Release|Any CPU
	EndGlobalSection
	GlobalSection(ProjectConfigurationPlatforms) = postSolution
		{D732596B-A952-4916-BB90-9129C3B94E83}.Debug|Any CPU.ActiveCfg = Debug|Any CPU
		{D732596B-A952-4916-BB90-9129C3B94E83}.Debug|Any CPU.Build.0 = Debug|Any CPU
		{D732596B-A952-4916-BB90-9129C3B94E83}.Release|Any CPU.ActiveCfg = Release|Any CPU
		{D732596B-A952-4916-BB90-9129C3B94E83}.Release|Any CPU.Build.0 = Release|Any CPU
	EndGlobalSection
	GlobalSection(SolutionProperties) = preSolution
		HideSolutionNode = FALSE
	EndGlobalSection
	GlobalSection(ExtensibilityGlobals) = postSolution
		SolutionGuid = {E4A5814C-3B1C-41AC-ADD9-18735D74F9EC}
	EndGlobalSection
EndGlobal
