
Microsoft Visual Studio Solution File, Format Version 12.00
# Visual Studio Version 16
VisualStudioVersion = 16.0.34114.132
MinimumVisualStudioVersion = 10.0.40219.1
Project("{FAE04EC0-301F-11D3-BF4B-00C04F79EFBC}") = "testConsole", "testConsole\testConsole.csproj", "{53ABAD25-36B3-4AC3-8A9F-828A11089EF0}"
EndProject
Global
	GlobalSection(SolutionConfigurationPlatforms) = preSolution
		Debug|Any CPU = Debug|Any CPU
		Release|Any CPU = Release|Any CPU
	EndGlobalSection
	GlobalSection(ProjectConfigurationPlatforms) = postSolution
		{53ABAD25-36B3-4AC3-8A9F-828A11089EF0}.Debug|Any CPU.ActiveCfg = Debug|Any CPU
		{53ABAD25-36B3-4AC3-8A9F-828A11089EF0}.Debug|Any CPU.Build.0 = Debug|Any CPU
		{53ABAD25-36B3-4AC3-8A9F-828A11089EF0}.Release|Any CPU.ActiveCfg = Release|Any CPU
		{53ABAD25-36B3-4AC3-8A9F-828A11089EF0}.Release|Any CPU.Build.0 = Release|Any CPU
	EndGlobalSection
	GlobalSection(SolutionProperties) = preSolution
		HideSolutionNode = FALSE
	EndGlobalSection
	GlobalSection(ExtensibilityGlobals) = postSolution
		SolutionGuid = {DE25D052-2FDC-4427-B3DD-99B3AE2872D4}
	EndGlobalSection
EndGlobal
